// !$*UTF8*$!
{
	archiveVersion = 1;
	classes = {
	};
	objectVersion = 46;
	objects = {

/* Begin PBXBuildFile section */
		BF2219E61D427F0A00FA40A3 /* AppDelegate.swift in Sources */ = {isa = PBXBuildFile; fileRef = BF2219E51D427F0A00FA40A3 /* AppDelegate.swift */; };
		BF2219EB1D427F0A00FA40A3 /* Main.storyboard in Resources */ = {isa = PBXBuildFile; fileRef = BF2219E91D427F0A00FA40A3 /* Main.storyboard */; };
		BF2219ED1D427F0A00FA40A3 /* Assets.xcassets in Resources */ = {isa = PBXBuildFile; fileRef = BF2219EC1D427F0A00FA40A3 /* Assets.xcassets */; };
		BF2219F01D427F0A00FA40A3 /* LaunchScreen.storyboard in Resources */ = {isa = PBXBuildFile; fileRef = BF2219EE1D427F0A00FA40A3 /* LaunchScreen.storyboard */; };
		BF2427181D43B1800057DA4D /* TractorSmoke.sks in Resources */ = {isa = PBXBuildFile; fileRef = BF2427161D43B1800057DA4D /* TractorSmoke.sks */; };
		BF2427191D43B1800057DA4D /* spark.png in Resources */ = {isa = PBXBuildFile; fileRef = BF2427171D43B1800057DA4D /* spark.png */; };
		BF2430641D43875F00FA4CDC /* CartViewController.swift in Sources */ = {isa = PBXBuildFile; fileRef = BF2430631D43875F00FA4CDC /* CartViewController.swift */; };
		BF2C3CE61D42C1F300584921 /* MapViewController.swift in Sources */ = {isa = PBXBuildFile; fileRef = BF2C3CE51D42C1F300584921 /* MapViewController.swift */; };
		BF2C3CE81D42C1FB00584921 /* FoodsViewController.swift in Sources */ = {isa = PBXBuildFile; fileRef = BF2C3CE71D42C1FB00584921 /* FoodsViewController.swift */; };
		BF2C3CEA1D42C21800584921 /* ScheduleViewController.swift in Sources */ = {isa = PBXBuildFile; fileRef = BF2C3CE91D42C21800584921 /* ScheduleViewController.swift */; };
		BF2C3CEC1D42C56600584921 /* Server.swift in Sources */ = {isa = PBXBuildFile; fileRef = BF2C3CEB1D42C56600584921 /* Server.swift */; };
		BF2C3D061D42C68200584921 /* Alamofire.framework in Frameworks */ = {isa = PBXBuildFile; fileRef = BF2C3CF91D42C67B00584921 /* Alamofire.framework */; };
		BF2C3D071D42C68200584921 /* Alamofire.framework in Embed Frameworks */ = {isa = PBXBuildFile; fileRef = BF2C3CF91D42C67B00584921 /* Alamofire.framework */; settings = {ATTRIBUTES = (CodeSignOnCopy, RemoveHeadersOnCopy, ); }; };
		BF2C3D0C1D42CA1E00584921 /* Magic.swift in Sources */ = {isa = PBXBuildFile; fileRef = BF2C3D0B1D42CA1E00584921 /* Magic.swift */; };
		BF81D4661D43AF70003BBFD4 /* FreshExpressScene.sks in Resources */ = {isa = PBXBuildFile; fileRef = BF81D4651D43AF70003BBFD4 /* FreshExpressScene.sks */; };
		BF86B2661D43577C000A3926 /* RoundButton.swift in Sources */ = {isa = PBXBuildFile; fileRef = BF86B2651D43577C000A3926 /* RoundButton.swift */; };
		BF87B0C81D43B234003070C9 /* AnimatedTractorView.swift in Sources */ = {isa = PBXBuildFile; fileRef = BF87B0C71D43B234003070C9 /* AnimatedTractorView.swift */; };
		BF87B0D21D43B913003070C9 /* AnimatedTractorViewController.swift in Sources */ = {isa = PBXBuildFile; fileRef = BF87B0D11D43B913003070C9 /* AnimatedTractorViewController.swift */; };
		BFE582A91D432BE500720FC1 /* BusStopViewController.swift in Sources */ = {isa = PBXBuildFile; fileRef = BFE582A81D432BE500720FC1 /* BusStopViewController.swift */; };
/* End PBXBuildFile section */

/* Begin PBXContainerItemProxy section */
		BF2C3CF81D42C67B00584921 /* PBXContainerItemProxy */ = {
			isa = PBXContainerItemProxy;
			containerPortal = BF2C3CEE1D42C67B00584921 /* Alamofire.xcodeproj */;
			proxyType = 2;
			remoteGlobalIDString = F8111E3319A95C8B0040E7D1;
			remoteInfo = "Alamofire iOS";
		};
		BF2C3CFA1D42C67B00584921 /* PBXContainerItemProxy */ = {
			isa = PBXContainerItemProxy;
			containerPortal = BF2C3CEE1D42C67B00584921 /* Alamofire.xcodeproj */;
			proxyType = 2;
			remoteGlobalIDString = F8111E3E19A95C8B0040E7D1;
			remoteInfo = "Alamofire iOS Tests";
		};
		BF2C3CFC1D42C67B00584921 /* PBXContainerItemProxy */ = {
			isa = PBXContainerItemProxy;
			containerPortal = BF2C3CEE1D42C67B00584921 /* Alamofire.xcodeproj */;
			proxyType = 2;
			remoteGlobalIDString = 4DD67C0B1A5C55C900ED2280;
			remoteInfo = "Alamofire OSX";
		};
		BF2C3CFE1D42C67B00584921 /* PBXContainerItemProxy */ = {
			isa = PBXContainerItemProxy;
			containerPortal = BF2C3CEE1D42C67B00584921 /* Alamofire.xcodeproj */;
			proxyType = 2;
			remoteGlobalIDString = F829C6B21A7A94F100A2CD59;
			remoteInfo = "Alamofire OSX Tests";
		};
		BF2C3D001D42C67B00584921 /* PBXContainerItemProxy */ = {
			isa = PBXContainerItemProxy;
			containerPortal = BF2C3CEE1D42C67B00584921 /* Alamofire.xcodeproj */;
			proxyType = 2;
			remoteGlobalIDString = 4CF626EF1BA7CB3E0011A099;
			remoteInfo = "Alamofire tvOS";
		};
		BF2C3D021D42C67B00584921 /* PBXContainerItemProxy */ = {
			isa = PBXContainerItemProxy;
			containerPortal = BF2C3CEE1D42C67B00584921 /* Alamofire.xcodeproj */;
			proxyType = 2;
			remoteGlobalIDString = 4CF626F81BA7CB3E0011A099;
			remoteInfo = "Alamofire tvOS Tests";
		};
		BF2C3D041D42C67B00584921 /* PBXContainerItemProxy */ = {
			isa = PBXContainerItemProxy;
			containerPortal = BF2C3CEE1D42C67B00584921 /* Alamofire.xcodeproj */;
			proxyType = 2;
			remoteGlobalIDString = E4202FE01B667AA100C997FB;
			remoteInfo = "Alamofire watchOS";
		};
		BF2C3D081D42C68200584921 /* PBXContainerItemProxy */ = {
			isa = PBXContainerItemProxy;
			containerPortal = BF2C3CEE1D42C67B00584921 /* Alamofire.xcodeproj */;
			proxyType = 1;
			remoteGlobalIDString = F8111E3219A95C8B0040E7D1;
			remoteInfo = "Alamofire iOS";
		};
/* End PBXContainerItemProxy section */

/* Begin PBXCopyFilesBuildPhase section */
		BF2C3D0A1D42C68200584921 /* Embed Frameworks */ = {
			isa = PBXCopyFilesBuildPhase;
			buildActionMask = 2147483647;
			dstPath = "";
			dstSubfolderSpec = 10;
			files = (
				BF2C3D071D42C68200584921 /* Alamofire.framework in Embed Frameworks */,
			);
			name = "Embed Frameworks";
			runOnlyForDeploymentPostprocessing = 0;
		};
/* End PBXCopyFilesBuildPhase section */

/* Begin PBXFileReference section */
		BF2219E21D427F0A00FA40A3 /* FreshExpress.app */ = {isa = PBXFileReference; explicitFileType = wrapper.application; includeInIndex = 0; path = FreshExpress.app; sourceTree = BUILT_PRODUCTS_DIR; };
		BF2219E51D427F0A00FA40A3 /* AppDelegate.swift */ = {isa = PBXFileReference; lastKnownFileType = sourcecode.swift; path = AppDelegate.swift; sourceTree = "<group>"; };
		BF2219EA1D427F0A00FA40A3 /* Base */ = {isa = PBXFileReference; lastKnownFileType = file.storyboard; name = Base; path = Base.lproj/Main.storyboard; sourceTree = "<group>"; };
		BF2219EC1D427F0A00FA40A3 /* Assets.xcassets */ = {isa = PBXFileReference; lastKnownFileType = folder.assetcatalog; path = Assets.xcassets; sourceTree = "<group>"; };
		BF2219EF1D427F0A00FA40A3 /* Base */ = {isa = PBXFileReference; lastKnownFileType = file.storyboard; name = Base; path = Base.lproj/LaunchScreen.storyboard; sourceTree = "<group>"; };
		BF2219F11D427F0A00FA40A3 /* Info.plist */ = {isa = PBXFileReference; lastKnownFileType = text.plist.xml; path = Info.plist; sourceTree = "<group>"; };
		BF2427161D43B1800057DA4D /* TractorSmoke.sks */ = {isa = PBXFileReference; lastKnownFileType = file.sks; path = TractorSmoke.sks; sourceTree = "<group>"; };
		BF2427171D43B1800057DA4D /* spark.png */ = {isa = PBXFileReference; lastKnownFileType = image.png; path = spark.png; sourceTree = "<group>"; };
		BF2430631D43875F00FA4CDC /* CartViewController.swift */ = {isa = PBXFileReference; fileEncoding = 4; lastKnownFileType = sourcecode.swift; path = CartViewController.swift; sourceTree = "<group>"; };
		BF2C3CE51D42C1F300584921 /* MapViewController.swift */ = {isa = PBXFileReference; fileEncoding = 4; lastKnownFileType = sourcecode.swift; path = MapViewController.swift; sourceTree = "<group>"; };
		BF2C3CE71D42C1FB00584921 /* FoodsViewController.swift */ = {isa = PBXFileReference; fileEncoding = 4; lastKnownFileType = sourcecode.swift; path = FoodsViewController.swift; sourceTree = "<group>"; };
		BF2C3CE91D42C21800584921 /* ScheduleViewController.swift */ = {isa = PBXFileReference; fileEncoding = 4; lastKnownFileType = sourcecode.swift; path = ScheduleViewController.swift; sourceTree = "<group>"; };
		BF2C3CEB1D42C56600584921 /* Server.swift */ = {isa = PBXFileReference; fileEncoding = 4; lastKnownFileType = sourcecode.swift; path = Server.swift; sourceTree = "<group>"; };
		BF2C3CEE1D42C67B00584921 /* Alamofire.xcodeproj */ = {isa = PBXFileReference; lastKnownFileType = "wrapper.pb-project"; name = Alamofire.xcodeproj; path = "Alamofire-swift3/Alamofire.xcodeproj"; sourceTree = "<group>"; };
		BF2C3D0B1D42CA1E00584921 /* Magic.swift */ = {isa = PBXFileReference; fileEncoding = 4; lastKnownFileType = sourcecode.swift; path = Magic.swift; sourceTree = "<group>"; };
		BF81D4651D43AF70003BBFD4 /* FreshExpressScene.sks */ = {isa = PBXFileReference; lastKnownFileType = file.sks; path = FreshExpressScene.sks; sourceTree = "<group>"; };
		BF86B2651D43577C000A3926 /* RoundButton.swift */ = {isa = PBXFileReference; fileEncoding = 4; lastKnownFileType = sourcecode.swift; path = RoundButton.swift; sourceTree = "<group>"; };
		BF87B0C71D43B234003070C9 /* AnimatedTractorView.swift */ = {isa = PBXFileReference; fileEncoding = 4; lastKnownFileType = sourcecode.swift; path = AnimatedTractorView.swift; sourceTree = "<group>"; };
		BF87B0D11D43B913003070C9 /* AnimatedTractorViewController.swift */ = {isa = PBXFileReference; fileEncoding = 4; lastKnownFileType = sourcecode.swift; path = AnimatedTractorViewController.swift; sourceTree = "<group>"; };
		BFE582A81D432BE500720FC1 /* BusStopViewController.swift */ = {isa = PBXFileReference; fileEncoding = 4; lastKnownFileType = sourcecode.swift; path = BusStopViewController.swift; sourceTree = "<group>"; };
/* End PBXFileReference section */

/* Begin PBXFrameworksBuildPhase section */
		BF2219DF1D427F0A00FA40A3 /* Frameworks */ = {
			isa = PBXFrameworksBuildPhase;
			buildActionMask = 2147483647;
			files = (
				BF2C3D061D42C68200584921 /* Alamofire.framework in Frameworks */,
			);
			runOnlyForDeploymentPostprocessing = 0;
		};
/* End PBXFrameworksBuildPhase section */

/* Begin PBXGroup section */
		BF2219D91D427F0A00FA40A3 = {
			isa = PBXGroup;
			children = (
				BF2C3CEE1D42C67B00584921 /* Alamofire.xcodeproj */,
				BF2219E41D427F0A00FA40A3 /* FreshExpress */,
				BF2219E31D427F0A00FA40A3 /* Products */,
			);
			sourceTree = "<group>";
		};
		BF2219E31D427F0A00FA40A3 /* Products */ = {
			isa = PBXGroup;
			children = (
				BF2219E21D427F0A00FA40A3 /* FreshExpress.app */,
			);
			name = Products;
			sourceTree = "<group>";
		};
		BF2219E41D427F0A00FA40A3 /* FreshExpress */ = {
			isa = PBXGroup;
			children = (
				BF2219E51D427F0A00FA40A3 /* AppDelegate.swift */,
				BF2C3CEB1D42C56600584921 /* Server.swift */,
				BF2C3D0B1D42CA1E00584921 /* Magic.swift */,
				BF2C3CED1D42C56D00584921 /* View Controllers */,
				BF86B26D1D43577F000A3926 /* Views */,
				BF81D45E1D43AF50003BBFD4 /* Animation */,
				BF2219E91D427F0A00FA40A3 /* Main.storyboard */,
				BF2219EC1D427F0A00FA40A3 /* Assets.xcassets */,
				BF2219EE1D427F0A00FA40A3 /* LaunchScreen.storyboard */,
				BF2219F11D427F0A00FA40A3 /* Info.plist */,
			);
			path = FreshExpress;
			sourceTree = "<group>";
		};
		BF2C3CED1D42C56D00584921 /* View Controllers */ = {
			isa = PBXGroup;
			children = (
				BF2C3CE51D42C1F300584921 /* MapViewController.swift */,
				BF2C3CE91D42C21800584921 /* ScheduleViewController.swift */,
				BF2C3CE71D42C1FB00584921 /* FoodsViewController.swift */,
				BFE582A81D432BE500720FC1 /* BusStopViewController.swift */,
				BF2430631D43875F00FA4CDC /* CartViewController.swift */,
			);
			name = "View Controllers";
			sourceTree = "<group>";
		};
		BF2C3CEF1D42C67B00584921 /* Products */ = {
			isa = PBXGroup;
			children = (
				BF2C3CF91D42C67B00584921 /* Alamofire.framework */,
				BF2C3CFB1D42C67B00584921 /* Alamofire iOS Tests.xctest */,
				BF2C3CFD1D42C67B00584921 /* Alamofire.framework */,
				BF2C3CFF1D42C67B00584921 /* Alamofire OSX Tests.xctest */,
				BF2C3D011D42C67B00584921 /* Alamofire.framework */,
				BF2C3D031D42C67B00584921 /* Alamofire tvOS Tests.xctest */,
				BF2C3D051D42C67B00584921 /* Alamofire.framework */,
			);
			name = Products;
			sourceTree = "<group>";
		};
		BF81D45E1D43AF50003BBFD4 /* Animation */ = {
			isa = PBXGroup;
			children = (
				BF87B0D11D43B913003070C9 /* AnimatedTractorViewController.swift */,
				BF87B0C71D43B234003070C9 /* AnimatedTractorView.swift */,
				BF81D4651D43AF70003BBFD4 /* FreshExpressScene.sks */,
				BF2427161D43B1800057DA4D /* TractorSmoke.sks */,
				BF2427171D43B1800057DA4D /* spark.png */,
			);
			name = Animation;
			sourceTree = "<group>";
		};
		BF86B26D1D43577F000A3926 /* Views */ = {
			isa = PBXGroup;
			children = (
				BF86B2651D43577C000A3926 /* RoundButton.swift */,
			);
			name = Views;
			sourceTree = "<group>";
		};
/* End PBXGroup section */

/* Begin PBXNativeTarget section */
		BF2219E11D427F0A00FA40A3 /* FreshExpress */ = {
			isa = PBXNativeTarget;
			buildConfigurationList = BF2219F41D427F0A00FA40A3 /* Build configuration list for PBXNativeTarget "FreshExpress" */;
			buildPhases = (
				BF2219DE1D427F0A00FA40A3 /* Sources */,
				BF2219DF1D427F0A00FA40A3 /* Frameworks */,
				BF2219E01D427F0A00FA40A3 /* Resources */,
				BF2C3D0A1D42C68200584921 /* Embed Frameworks */,
			);
			buildRules = (
			);
			dependencies = (
				BF2C3D091D42C68200584921 /* PBXTargetDependency */,
			);
			name = FreshExpress;
			productName = FreshExpress;
			productReference = BF2219E21D427F0A00FA40A3 /* FreshExpress.app */;
			productType = "com.apple.product-type.application";
		};
/* End PBXNativeTarget section */

/* Begin PBXProject section */
		BF2219DA1D427F0A00FA40A3 /* Project object */ = {
			isa = PBXProject;
			attributes = {
				LastSwiftUpdateCheck = 0800;
				LastUpgradeCheck = 0800;
				ORGANIZATIONNAME = NathanFlurry;
				TargetAttributes = {
					BF2219E11D427F0A00FA40A3 = {
						CreatedOnToolsVersion = 8.0;
						DevelopmentTeam = 5C7TDZ63R4;
						DevelopmentTeamName = "Henry Flurry (Personal Team)";
						ProvisioningStyle = Automatic;
					};
				};
			};
			buildConfigurationList = BF2219DD1D427F0A00FA40A3 /* Build configuration list for PBXProject "FreshExpress" */;
			compatibilityVersion = "Xcode 3.2";
			developmentRegion = English;
			hasScannedForEncodings = 0;
			knownRegions = (
				en,
				Base,
			);
			mainGroup = BF2219D91D427F0A00FA40A3;
			productRefGroup = BF2219E31D427F0A00FA40A3 /* Products */;
			projectDirPath = "";
			projectReferences = (
				{
					ProductGroup = BF2C3CEF1D42C67B00584921 /* Products */;
					ProjectRef = BF2C3CEE1D42C67B00584921 /* Alamofire.xcodeproj */;
				},
			);
			projectRoot = "";
			targets = (
				BF2219E11D427F0A00FA40A3 /* FreshExpress */,
			);
		};
/* End PBXProject section */

/* Begin PBXReferenceProxy section */
		BF2C3CF91D42C67B00584921 /* Alamofire.framework */ = {
			isa = PBXReferenceProxy;
			fileType = wrapper.framework;
			path = Alamofire.framework;
			remoteRef = BF2C3CF81D42C67B00584921 /* PBXContainerItemProxy */;
			sourceTree = BUILT_PRODUCTS_DIR;
		};
		BF2C3CFB1D42C67B00584921 /* Alamofire iOS Tests.xctest */ = {
			isa = PBXReferenceProxy;
			fileType = wrapper.cfbundle;
			path = "Alamofire iOS Tests.xctest";
			remoteRef = BF2C3CFA1D42C67B00584921 /* PBXContainerItemProxy */;
			sourceTree = BUILT_PRODUCTS_DIR;
		};
		BF2C3CFD1D42C67B00584921 /* Alamofire.framework */ = {
			isa = PBXReferenceProxy;
			fileType = wrapper.framework;
			path = Alamofire.framework;
			remoteRef = BF2C3CFC1D42C67B00584921 /* PBXContainerItemProxy */;
			sourceTree = BUILT_PRODUCTS_DIR;
		};
		BF2C3CFF1D42C67B00584921 /* Alamofire OSX Tests.xctest */ = {
			isa = PBXReferenceProxy;
			fileType = wrapper.cfbundle;
			path = "Alamofire OSX Tests.xctest";
			remoteRef = BF2C3CFE1D42C67B00584921 /* PBXContainerItemProxy */;
			sourceTree = BUILT_PRODUCTS_DIR;
		};
		BF2C3D011D42C67B00584921 /* Alamofire.framework */ = {
			isa = PBXReferenceProxy;
			fileType = wrapper.framework;
			path = Alamofire.framework;
			remoteRef = BF2C3D001D42C67B00584921 /* PBXContainerItemProxy */;
			sourceTree = BUILT_PRODUCTS_DIR;
		};
		BF2C3D031D42C67B00584921 /* Alamofire tvOS Tests.xctest */ = {
			isa = PBXReferenceProxy;
			fileType = wrapper.cfbundle;
			path = "Alamofire tvOS Tests.xctest";
			remoteRef = BF2C3D021D42C67B00584921 /* PBXContainerItemProxy */;
			sourceTree = BUILT_PRODUCTS_DIR;
		};
		BF2C3D051D42C67B00584921 /* Alamofire.framework */ = {
			isa = PBXReferenceProxy;
			fileType = wrapper.framework;
			path = Alamofire.framework;
			remoteRef = BF2C3D041D42C67B00584921 /* PBXContainerItemProxy */;
			sourceTree = BUILT_PRODUCTS_DIR;
		};
/* End PBXReferenceProxy section */

/* Begin PBXResourcesBuildPhase section */
		BF2219E01D427F0A00FA40A3 /* Resources */ = {
			isa = PBXResourcesBuildPhase;
			buildActionMask = 2147483647;
			files = (
				BF81D4661D43AF70003BBFD4 /* FreshExpressScene.sks in Resources */,
				BF2427191D43B1800057DA4D /* spark.png in Resources */,
				BF2219F01D427F0A00FA40A3 /* LaunchScreen.storyboard in Resources */,
				BF2427181D43B1800057DA4D /* TractorSmoke.sks in Resources */,
				BF2219ED1D427F0A00FA40A3 /* Assets.xcassets in Resources */,
				BF2219EB1D427F0A00FA40A3 /* Main.storyboard in Resources */,
			);
			runOnlyForDeploymentPostprocessing = 0;
		};
/* End PBXResourcesBuildPhase section */

/* Begin PBXSourcesBuildPhase section */
		BF2219DE1D427F0A00FA40A3 /* Sources */ = {
			isa = PBXSourcesBuildPhase;
			buildActionMask = 2147483647;
			files = (
				BF86B2661D43577C000A3926 /* RoundButton.swift in Sources */,
				BF2C3CEC1D42C56600584921 /* Server.swift in Sources */,
				BF87B0D21D43B913003070C9 /* AnimatedTractorViewController.swift in Sources */,
				BFE582A91D432BE500720FC1 /* BusStopViewController.swift in Sources */,
				BF2C3D0C1D42CA1E00584921 /* Magic.swift in Sources */,
				BF2C3CE81D42C1FB00584921 /* FoodsViewController.swift in Sources */,
				BF2219E61D427F0A00FA40A3 /* AppDelegate.swift in Sources */,
				BF2C3CE61D42C1F300584921 /* MapViewController.swift in Sources */,
				BF87B0C81D43B234003070C9 /* AnimatedTractorView.swift in Sources */,
				BF2430641D43875F00FA4CDC /* CartViewController.swift in Sources */,
				BF2C3CEA1D42C21800584921 /* ScheduleViewController.swift in Sources */,
			);
			runOnlyForDeploymentPostprocessing = 0;
		};
/* End PBXSourcesBuildPhase section */

/* Begin PBXTargetDependency section */
		BF2C3D091D42C68200584921 /* PBXTargetDependency */ = {
			isa = PBXTargetDependency;
			name = "Alamofire iOS";
			targetProxy = BF2C3D081D42C68200584921 /* PBXContainerItemProxy */;
		};
/* End PBXTargetDependency section */

/* Begin PBXVariantGroup section */
		BF2219E91D427F0A00FA40A3 /* Main.storyboard */ = {
			isa = PBXVariantGroup;
			children = (
				BF2219EA1D427F0A00FA40A3 /* Base */,
			);
			name = Main.storyboard;
			sourceTree = "<group>";
		};
		BF2219EE1D427F0A00FA40A3 /* LaunchScreen.storyboard */ = {
			isa = PBXVariantGroup;
			children = (
				BF2219EF1D427F0A00FA40A3 /* Base */,
			);
			name = LaunchScreen.storyboard;
			sourceTree = "<group>";
		};
/* End PBXVariantGroup section */

/* Begin XCBuildConfiguration section */
		BF2219F21D427F0A00FA40A3 /* Debug */ = {
			isa = XCBuildConfiguration;
			buildSettings = {
				ALWAYS_SEARCH_USER_PATHS = NO;
				CLANG_ANALYZER_NONNULL = YES;
				CLANG_CXX_LANGUAGE_STANDARD = "gnu++0x";
				CLANG_CXX_LIBRARY = "libc++";
				CLANG_ENABLE_MODULES = YES;
				CLANG_ENABLE_OBJC_ARC = YES;
				CLANG_WARN_BOOL_CONVERSION = YES;
				CLANG_WARN_CONSTANT_CONVERSION = YES;
				CLANG_WARN_DIRECT_OBJC_ISA_USAGE = YES_ERROR;
				CLANG_WARN_DOCUMENTATION_COMMENTS = YES;
				CLANG_WARN_EMPTY_BODY = YES;
				CLANG_WARN_ENUM_CONVERSION = YES;
				CLANG_WARN_INT_CONVERSION = YES;
				CLANG_WARN_OBJC_ROOT_CLASS = YES_ERROR;
				CLANG_WARN_UNREACHABLE_CODE = YES;
				CLANG_WARN__DUPLICATE_METHOD_MATCH = YES;
				"CODE_SIGN_IDENTITY[sdk=iphoneos*]" = "iPhone Developer";
				COPY_PHASE_STRIP = NO;
				DEBUG_INFORMATION_FORMAT = dwarf;
				ENABLE_STRICT_OBJC_MSGSEND = YES;
				ENABLE_TESTABILITY = YES;
				GCC_C_LANGUAGE_STANDARD = gnu99;
				GCC_DYNAMIC_NO_PIC = NO;
				GCC_NO_COMMON_BLOCKS = YES;
				GCC_OPTIMIZATION_LEVEL = 0;
				GCC_PREPROCESSOR_DEFINITIONS = (
					"DEBUG=1",
					"$(inherited)",
				);
				GCC_WARN_64_TO_32_BIT_CONVERSION = YES;
				GCC_WARN_ABOUT_RETURN_TYPE = YES_ERROR;
				GCC_WARN_UNDECLARED_SELECTOR = YES;
				GCC_WARN_UNINITIALIZED_AUTOS = YES_AGGRESSIVE;
				GCC_WARN_UNUSED_FUNCTION = YES;
				GCC_WARN_UNUSED_VARIABLE = YES;
				IPHONEOS_DEPLOYMENT_TARGET = 10.0;
				MTL_ENABLE_DEBUG_INFO = YES;
				ONLY_ACTIVE_ARCH = YES;
				SDKROOT = iphoneos;
				SWIFT_ACTIVE_COMPILATION_CONDITIONS = DEBUG;
				SWIFT_OPTIMIZATION_LEVEL = "-Onone";
				TARGETED_DEVICE_FAMILY = "1,2";
			};
			name = Debug;
		};
		BF2219F31D427F0A00FA40A3 /* Release */ = {
			isa = XCBuildConfiguration;
			buildSettings = {
				ALWAYS_SEARCH_USER_PATHS = NO;
				CLANG_ANALYZER_NONNULL = YES;
				CLANG_CXX_LANGUAGE_STANDARD = "gnu++0x";
				CLANG_CXX_LIBRARY = "libc++";
				CLANG_ENABLE_MODULES = YES;
				CLANG_ENABLE_OBJC_ARC = YES;
				CLANG_WARN_BOOL_CONVERSION = YES;
				CLANG_WARN_CONSTANT_CONVERSION = YES;
				CLANG_WARN_DIRECT_OBJC_ISA_USAGE = YES_ERROR;
				CLANG_WARN_DOCUMENTATION_COMMENTS = YES;
				CLANG_WARN_EMPTY_BODY = YES;
				CLANG_WARN_ENUM_CONVERSION = YES;
				CLANG_WARN_INT_CONVERSION = YES;
				CLANG_WARN_OBJC_ROOT_CLASS = YES_ERROR;
				CLANG_WARN_UNREACHABLE_CODE = YES;
				CLANG_WARN__DUPLICATE_METHOD_MATCH = YES;
				"CODE_SIGN_IDENTITY[sdk=iphoneos*]" = "iPhone Developer";
				COPY_PHASE_STRIP = NO;
				DEBUG_INFORMATION_FORMAT = "dwarf-with-dsym";
				ENABLE_NS_ASSERTIONS = NO;
				ENABLE_STRICT_OBJC_MSGSEND = YES;
				GCC_C_LANGUAGE_STANDARD = gnu99;
				GCC_NO_COMMON_BLOCKS = YES;
				GCC_WARN_64_TO_32_BIT_CONVERSION = YES;
				GCC_WARN_ABOUT_RETURN_TYPE = YES_ERROR;
				GCC_WARN_UNDECLARED_SELECTOR = YES;
				GCC_WARN_UNINITIALIZED_AUTOS = YES_AGGRESSIVE;
				GCC_WARN_UNUSED_FUNCTION = YES;
				GCC_WARN_UNUSED_VARIABLE = YES;
				IPHONEOS_DEPLOYMENT_TARGET = 10.0;
				MTL_ENABLE_DEBUG_INFO = NO;
				SDKROOT = iphoneos;
				SWIFT_OPTIMIZATION_LEVEL = "-Owholemodule";
				TARGETED_DEVICE_FAMILY = "1,2";
				VALIDATE_PRODUCT = YES;
			};
			name = Release;
		};
		BF2219F51D427F0A00FA40A3 /* Debug */ = {
			isa = XCBuildConfiguration;
			buildSettings = {
				ALWAYS_EMBED_SWIFT_STANDARD_LIBRARIES = YES;
				ASSETCATALOG_COMPILER_APPICON_NAME = AppIcon;
				INFOPLIST_FILE = FreshExpress/Info.plist;
				LD_RUNPATH_SEARCH_PATHS = "$(inherited) @executable_path/Frameworks";
				PRODUCT_BUNDLE_IDENTIFIER = com.NathanFlurry.FreshExpress;
				PRODUCT_NAME = "$(TARGET_NAME)";
				SWIFT_VERSION = 3.0;
			};
			name = Debug;
		};
		BF2219F61D427F0A00FA40A3 /* Release */ = {
			isa = XCBuildConfiguration;
			buildSettings = {
				ALWAYS_EMBED_SWIFT_STANDARD_LIBRARIES = YES;
				ASSETCATALOG_COMPILER_APPICON_NAME = AppIcon;
				INFOPLIST_FILE = FreshExpress/Info.plist;
				LD_RUNPATH_SEARCH_PATHS = "$(inherited) @executable_path/Frameworks";
				PRODUCT_BUNDLE_IDENTIFIER = com.NathanFlurry.FreshExpress;
				PRODUCT_NAME = "$(TARGET_NAME)";
				SWIFT_VERSION = 3.0;
			};
			name = Release;
		};
/* End XCBuildConfiguration section */

/* Begin XCConfigurationList section */
		BF2219DD1D427F0A00FA40A3 /* Build configuration list for PBXProject "FreshExpress" */ = {
			isa = XCConfigurationList;
			buildConfigurations = (
				BF2219F21D427F0A00FA40A3 /* Debug */,
				BF2219F31D427F0A00FA40A3 /* Release */,
			);
			defaultConfigurationIsVisible = 0;
			defaultConfigurationName = Release;
		};
		BF2219F41D427F0A00FA40A3 /* Build configuration list for PBXNativeTarget "FreshExpress" */ = {
			isa = XCConfigurationList;
			buildConfigurations = (
				BF2219F51D427F0A00FA40A3 /* Debug */,
				BF2219F61D427F0A00FA40A3 /* Release */,
			);
			defaultConfigurationIsVisible = 0;
			defaultConfigurationName = Release;
		};
/* End XCConfigurationList section */
	};
	rootObject = BF2219DA1D427F0A00FA40A3 /* Project object */;
}
